
Microsoft Visual Studio Solution File, Format Version 12.00
# Visual Studio Version 16
VisualStudioVersion = 16.0.29201.188
MinimumVisualStudioVersion = 10.0.40219.1
Project("{FAE04EC0-301F-11D3-BF4B-00C04F79EFBC}") = "MonashBnBv3", "MonashBnBv3.csproj", "{97BAAB7D-36A4-4637-9817-C384DBC6B836}"
EndProject
Global
	GlobalSection(SolutionConfigurationPlatforms) = preSolution
		Debug|Any CPU = Debug|Any CPU
		Release|Any CPU = Release|Any CPU
	EndGlobalSection
	GlobalSection(ProjectConfigurationPlatforms) = postSolution
		{97BAAB7D-36A4-4637-9817-C384DBC6B836}.Debug|Any CPU.ActiveCfg = Debug|Any CPU
		{97BAAB7D-36A4-4637-9817-C384DBC6B836}.Debug|Any CPU.Build.0 = Debug|Any CPU
		{97BAAB7D-36A4-4637-9817-C384DBC6B836}.Release|Any CPU.ActiveCfg = Release|Any CPU
		{97BAAB7D-36A4-4637-9817-C384DBC6B836}.Release|Any CPU.Build.0 = Release|Any CPU
	EndGlobalSection
	GlobalSection(SolutionProperties) = preSolution
		HideSolutionNode = FALSE
	EndGlobalSection
	GlobalSection(ExtensibilityGlobals) = postSolution
		SolutionGuid = {4F7F579D-795D-4FCF-A340-44038F299FC5}
	EndGlobalSection
EndGlobal
